{
    "name": "research-scripts",
    "version": "0.0.1",
    "lockfileVersion": 1,
    "requires": true,
    "dependencies": {
        "json-stringify-pretty-compact": {
            "version": "1.2.0",
            "resolved": "https://registry.npmjs.org/json-stringify-pretty-compact/-/json-stringify-pretty-compact-1.2.0.tgz",
            "integrity": "sha512-/11Pj1OyX814QMKO7K8l85SHPTr/KsFxHp8GE2zVa0BtJgGimDjXHfM3FhC7keQdWDea7+nXf+f1de7ATZcZkQ=="
        },
        "merge": {
            "version": "1.2.0",
            "resolved": "https://registry.npmjs.org/merge/-/merge-1.2.0.tgz",
            "integrity": "sha1-dTHjnUlJwoGma4xabgJl6LBYlNo="
        }
    }
}
